
Microsoft Visual Studio Solution File, Format Version 12.00
# Visual Studio Version 16
VisualStudioVersion = 16.0.30611.23
MinimumVisualStudioVersion = 10.0.40219.1
Project("{8BC9CEB8-8B4A-11D0-8D11-00A0C91BC942}") = "ALL_BUILD", "ALL_BUILD.vcxproj", "{5429BCE7-FD0C-3309-AA71-ED3DB1657ED3}"
	ProjectSection(ProjectDependencies) = postProject
		{D9ECC5A5-C706-3FF7-92D3-B258EA94EF72} = {D9ECC5A5-C706-3FF7-92D3-B258EA94EF72}
		{6E56897D-4F49-3B47-86B5-B9A0D9C21694} = {6E56897D-4F49-3B47-86B5-B9A0D9C21694}
	EndProjectSection
EndProject
Project("{8BC9CEB8-8B4A-11D0-8D11-00A0C91BC942}") = "CCSDS", "CCSDSlib\CCSDS.vcxproj", "{D9ECC5A5-C706-3FF7-92D3-B258EA94EF72}"
EndProject
Project("{8BC9CEB8-8B4A-11D0-8D11-00A0C91BC942}") = "CCSDSdemo", "Demo\CCSDSdemo.vcxproj", "{6E56897D-4F49-3B47-86B5-B9A0D9C21694}"
EndProject
Global
	GlobalSection(SolutionConfigurationPlatforms) = preSolution
		Debug|x64 = Debug|x64
		MinSizeRel|x64 = MinSizeRel|x64
		Release|x64 = Release|x64
		RelWithDebInfo|x64 = RelWithDebInfo|x64
	EndGlobalSection
	GlobalSection(ProjectConfigurationPlatforms) = postSolution
		{5429BCE7-FD0C-3309-AA71-ED3DB1657ED3}.Debug|x64.ActiveCfg = Debug|x64
		{5429BCE7-FD0C-3309-AA71-ED3DB1657ED3}.MinSizeRel|x64.ActiveCfg = MinSizeRel|x64
		{5429BCE7-FD0C-3309-AA71-ED3DB1657ED3}.Release|x64.ActiveCfg = Release|x64
		{5429BCE7-FD0C-3309-AA71-ED3DB1657ED3}.RelWithDebInfo|x64.ActiveCfg = RelWithDebInfo|x64
		{D9ECC5A5-C706-3FF7-92D3-B258EA94EF72}.Debug|x64.ActiveCfg = Debug|x64
		{D9ECC5A5-C706-3FF7-92D3-B258EA94EF72}.Debug|x64.Build.0 = Debug|x64
		{D9ECC5A5-C706-3FF7-92D3-B258EA94EF72}.MinSizeRel|x64.ActiveCfg = MinSizeRel|x64
		{D9ECC5A5-C706-3FF7-92D3-B258EA94EF72}.MinSizeRel|x64.Build.0 = MinSizeRel|x64
		{D9ECC5A5-C706-3FF7-92D3-B258EA94EF72}.Release|x64.ActiveCfg = Release|x64
		{D9ECC5A5-C706-3FF7-92D3-B258EA94EF72}.Release|x64.Build.0 = Release|x64
		{D9ECC5A5-C706-3FF7-92D3-B258EA94EF72}.RelWithDebInfo|x64.ActiveCfg = RelWithDebInfo|x64
		{D9ECC5A5-C706-3FF7-92D3-B258EA94EF72}.RelWithDebInfo|x64.Build.0 = RelWithDebInfo|x64
		{6E56897D-4F49-3B47-86B5-B9A0D9C21694}.Debug|x64.ActiveCfg = Debug|x64
		{6E56897D-4F49-3B47-86B5-B9A0D9C21694}.Debug|x64.Build.0 = Debug|x64
		{6E56897D-4F49-3B47-86B5-B9A0D9C21694}.MinSizeRel|x64.ActiveCfg = MinSizeRel|x64
		{6E56897D-4F49-3B47-86B5-B9A0D9C21694}.MinSizeRel|x64.Build.0 = MinSizeRel|x64
		{6E56897D-4F49-3B47-86B5-B9A0D9C21694}.Release|x64.ActiveCfg = Release|x64
		{6E56897D-4F49-3B47-86B5-B9A0D9C21694}.Release|x64.Build.0 = Release|x64
		{6E56897D-4F49-3B47-86B5-B9A0D9C21694}.RelWithDebInfo|x64.ActiveCfg = RelWithDebInfo|x64
		{6E56897D-4F49-3B47-86B5-B9A0D9C21694}.RelWithDebInfo|x64.Build.0 = RelWithDebInfo|x64
	EndGlobalSection
	GlobalSection(SolutionProperties) = preSolution
		HideSolutionNode = FALSE
	EndGlobalSection
	GlobalSection(ExtensibilityGlobals) = postSolution
		SolutionGuid = {B9D91690-2290-3C09-9C3D-09C5DAF8C03C}
	EndGlobalSection
EndGlobal
